// !$*UTF8*$!
{
	archiveVersion = 1;
	classes = {
	};
	objectVersion = 46;
	objects = {

/* Begin PBXBuildFile section */
		710AAFE188C84D53A654527C /* libPods.a in Frameworks */ = {isa = PBXBuildFile; fileRef = A5C4FD64DC654F579867EC79 /* libPods.a */; };
		8516DF3319E9D8A100D1E3AB /* BetMoClient.swift in Sources */ = {isa = PBXBuildFile; fileRef = 8516DF3219E9D8A100D1E3AB /* BetMoClient.swift */; };
		853F392519E901A500915A5B /* FeedViewController.swift in Sources */ = {isa = PBXBuildFile; fileRef = 853F392419E901A500915A5B /* FeedViewController.swift */; };
		853F392719E90BDE00915A5B /* BetCell.swift in Sources */ = {isa = PBXBuildFile; fileRef = 853F392619E90BDE00915A5B /* BetCell.swift */; };
		85BCEAEF19F4974E00A2866C /* ProfileHeaderView.xib in Resources */ = {isa = PBXBuildFile; fileRef = 85BCEAEE19F4974E00A2866C /* ProfileHeaderView.xib */; };
		85BCEAF119F4979C00A2866C /* ProfileHeaderView.swift in Sources */ = {isa = PBXBuildFile; fileRef = 85BCEAF019F4979C00A2866C /* ProfileHeaderView.swift */; };
		85DA561219FC61DA0063E34B /* DiscoverViewController.swift in Sources */ = {isa = PBXBuildFile; fileRef = 85DA561119FC61DA0063E34B /* DiscoverViewController.swift */; };
		85FF8D2A19EB4BC900396F53 /* PaymentViewController.swift in Sources */ = {isa = PBXBuildFile; fileRef = 85FF8D2919EB4BC900396F53 /* PaymentViewController.swift */; };
		9F24867219F248E9006C51C8 /* BetsFeedViewController.swift in Sources */ = {isa = PBXBuildFile; fileRef = 9F24867119F248E9006C51C8 /* BetsFeedViewController.swift */; };
		9F24867619F25039006C51C8 /* BetsFeedTableViewCell.swift in Sources */ = {isa = PBXBuildFile; fileRef = 9F24867519F25039006C51C8 /* BetsFeedTableViewCell.swift */; };
		9F24867819F31EBA006C51C8 /* BetMoGetImage.swift in Sources */ = {isa = PBXBuildFile; fileRef = 9F24867719F31EBA006C51C8 /* BetMoGetImage.swift */; };
		9F25C15019FB616F000EEE68 /* Parse.framework in Frameworks */ = {isa = PBXBuildFile; fileRef = 8516DF2F19E9D33500D1E3AB /* Parse.framework */; };
		9F25C15119FB6182000EEE68 /* ParseFacebookUtils.framework in Frameworks */ = {isa = PBXBuildFile; fileRef = 8516DF2D19E9D30300D1E3AB /* ParseFacebookUtils.framework */; };
		9F2FD28B19E688ED00400E46 /* User.swift in Sources */ = {isa = PBXBuildFile; fileRef = 9F2FD28A19E688ED00400E46 /* User.swift */; };
		9F2FD28D19E6984200400E46 /* Bet.swift in Sources */ = {isa = PBXBuildFile; fileRef = 9F2FD28C19E6984200400E46 /* Bet.swift */; };
		9F54C00219F5F13D00AFA29F /* ConfirmNewBetViewController.swift in Sources */ = {isa = PBXBuildFile; fileRef = 9F54C00119F5F13D00AFA29F /* ConfirmNewBetViewController.swift */; };
		9F54C03219F64E6200AFA29F /* AddBetViewController.swift in Sources */ = {isa = PBXBuildFile; fileRef = 9F54C03119F64E6200AFA29F /* AddBetViewController.swift */; };
		9FACFB4E19E60C02007E865C /* AppDelegate.swift in Sources */ = {isa = PBXBuildFile; fileRef = 9FACFB4D19E60C02007E865C /* AppDelegate.swift */; };
		9FACFB5019E60C02007E865C /* LoginViewController.swift in Sources */ = {isa = PBXBuildFile; fileRef = 9FACFB4F19E60C02007E865C /* LoginViewController.swift */; };
		9FACFB5319E60C02007E865C /* Main.storyboard in Resources */ = {isa = PBXBuildFile; fileRef = 9FACFB5119E60C02007E865C /* Main.storyboard */; };
		9FACFB5519E60C02007E865C /* Images.xcassets in Resources */ = {isa = PBXBuildFile; fileRef = 9FACFB5419E60C02007E865C /* Images.xcassets */; };
		9FACFB5819E60C02007E865C /* LaunchScreen.xib in Resources */ = {isa = PBXBuildFile; fileRef = 9FACFB5619E60C02007E865C /* LaunchScreen.xib */; };
		9FACFB7D19E60F18007E865C /* AudioToolbox.framework in Frameworks */ = {isa = PBXBuildFile; fileRef = 9FACFB7319E60F18007E865C /* AudioToolbox.framework */; };
		9FACFB7E19E60F18007E865C /* CFNetwork.framework in Frameworks */ = {isa = PBXBuildFile; fileRef = 9FACFB7419E60F18007E865C /* CFNetwork.framework */; };
		9FACFB7F19E60F18007E865C /* CoreGraphics.framework in Frameworks */ = {isa = PBXBuildFile; fileRef = 9FACFB7519E60F18007E865C /* CoreGraphics.framework */; };
		9FACFB8019E60F18007E865C /* CoreLocation.framework in Frameworks */ = {isa = PBXBuildFile; fileRef = 9FACFB7619E60F18007E865C /* CoreLocation.framework */; };
		9FACFB8119E60F18007E865C /* libz.dylib in Frameworks */ = {isa = PBXBuildFile; fileRef = 9FACFB7719E60F18007E865C /* libz.dylib */; };
		9FACFB8219E60F18007E865C /* MobileCoreServices.framework in Frameworks */ = {isa = PBXBuildFile; fileRef = 9FACFB7819E60F18007E865C /* MobileCoreServices.framework */; };
		9FACFB8319E60F18007E865C /* QuartzCore.framework in Frameworks */ = {isa = PBXBuildFile; fileRef = 9FACFB7919E60F18007E865C /* QuartzCore.framework */; };
		9FACFB8419E60F18007E865C /* Security.framework in Frameworks */ = {isa = PBXBuildFile; fileRef = 9FACFB7A19E60F18007E865C /* Security.framework */; };
		9FACFB8519E60F18007E865C /* StoreKit.framework in Frameworks */ = {isa = PBXBuildFile; fileRef = 9FACFB7B19E60F18007E865C /* StoreKit.framework */; };
		9FACFB8619E60F18007E865C /* SystemConfiguration.framework in Frameworks */ = {isa = PBXBuildFile; fileRef = 9FACFB7C19E60F18007E865C /* SystemConfiguration.framework */; };
		9FACFBA619E61CA1007E865C /* HomeViewController.swift in Sources */ = {isa = PBXBuildFile; fileRef = 9FACFBA519E61CA1007E865C /* HomeViewController.swift */; };
		9FB9428019E7D73300D72264 /* FriendsListViewController.swift in Sources */ = {isa = PBXBuildFile; fileRef = 9FB9427F19E7D73300D72264 /* FriendsListViewController.swift */; };
		9FB9428219E8FF3100D72264 /* FriendTableViewCell.swift in Sources */ = {isa = PBXBuildFile; fileRef = 9FB9428119E8FF3100D72264 /* FriendTableViewCell.swift */; };
		9FD517D619E9FF970056EE54 /* BetDetailViewController.swift in Sources */ = {isa = PBXBuildFile; fileRef = 9FD517D519E9FF970056EE54 /* BetDetailViewController.swift */; };
		9FFCCD5719EE5A5000AC999F /* CustomCellNib.swift in Sources */ = {isa = PBXBuildFile; fileRef = 9FFCCD5619EE5A5000AC999F /* CustomCellNib.swift */; };
		9FFCCD5919EE5A7600AC999F /* CustomCellNib.xib in Resources */ = {isa = PBXBuildFile; fileRef = 9FFCCD5819EE5A7600AC999F /* CustomCellNib.xib */; };
		9FFCCD5B19EF47E400AC999F /* CellAnimator.swift in Sources */ = {isa = PBXBuildFile; fileRef = 9FFCCD5A19EF47E400AC999F /* CellAnimator.swift */; };
/* End PBXBuildFile section */

/* Begin PBXFileReference section */
		8516DF2D19E9D30300D1E3AB /* ParseFacebookUtils.framework */ = {isa = PBXFileReference; lastKnownFileType = wrapper.framework; name = ParseFacebookUtils.framework; path = Pods/ParseFacebookUtils/ParseFacebookUtils.framework; sourceTree = "<group>"; };
		8516DF2F19E9D33500D1E3AB /* Parse.framework */ = {isa = PBXFileReference; lastKnownFileType = wrapper.framework; name = Parse.framework; path = Pods/Parse/Parse.framework; sourceTree = "<group>"; };
		8516DF3219E9D8A100D1E3AB /* BetMoClient.swift */ = {isa = PBXFileReference; fileEncoding = 4; lastKnownFileType = sourcecode.swift; path = BetMoClient.swift; sourceTree = "<group>"; };
		853F392419E901A500915A5B /* FeedViewController.swift */ = {isa = PBXFileReference; fileEncoding = 4; lastKnownFileType = sourcecode.swift; path = FeedViewController.swift; sourceTree = "<group>"; };
		853F392619E90BDE00915A5B /* BetCell.swift */ = {isa = PBXFileReference; fileEncoding = 4; lastKnownFileType = sourcecode.swift; path = BetCell.swift; sourceTree = "<group>"; };
		85BCEAEE19F4974E00A2866C /* ProfileHeaderView.xib */ = {isa = PBXFileReference; fileEncoding = 4; lastKnownFileType = file.xib; path = ProfileHeaderView.xib; sourceTree = "<group>"; };
		85BCEAF019F4979C00A2866C /* ProfileHeaderView.swift */ = {isa = PBXFileReference; fileEncoding = 4; lastKnownFileType = sourcecode.swift; path = ProfileHeaderView.swift; sourceTree = "<group>"; };
		85DA561119FC61DA0063E34B /* DiscoverViewController.swift */ = {isa = PBXFileReference; fileEncoding = 4; lastKnownFileType = sourcecode.swift; path = DiscoverViewController.swift; sourceTree = "<group>"; };
		85FF8D2919EB4BC900396F53 /* PaymentViewController.swift */ = {isa = PBXFileReference; fileEncoding = 4; lastKnownFileType = sourcecode.swift; path = PaymentViewController.swift; sourceTree = "<group>"; };
		9F24867119F248E9006C51C8 /* BetsFeedViewController.swift */ = {isa = PBXFileReference; fileEncoding = 4; lastKnownFileType = sourcecode.swift; path = BetsFeedViewController.swift; sourceTree = "<group>"; };
		9F24867519F25039006C51C8 /* BetsFeedTableViewCell.swift */ = {isa = PBXFileReference; fileEncoding = 4; lastKnownFileType = sourcecode.swift; path = BetsFeedTableViewCell.swift; sourceTree = "<group>"; };
		9F24867719F31EBA006C51C8 /* BetMoGetImage.swift */ = {isa = PBXFileReference; fileEncoding = 4; lastKnownFileType = sourcecode.swift; path = BetMoGetImage.swift; sourceTree = "<group>"; };
		9F2FD28A19E688ED00400E46 /* User.swift */ = {isa = PBXFileReference; fileEncoding = 4; lastKnownFileType = sourcecode.swift; path = User.swift; sourceTree = "<group>"; };
		9F2FD28C19E6984200400E46 /* Bet.swift */ = {isa = PBXFileReference; fileEncoding = 4; lastKnownFileType = sourcecode.swift; path = Bet.swift; sourceTree = "<group>"; };
		9F54C00119F5F13D00AFA29F /* ConfirmNewBetViewController.swift */ = {isa = PBXFileReference; fileEncoding = 4; lastKnownFileType = sourcecode.swift; path = ConfirmNewBetViewController.swift; sourceTree = "<group>"; };
		9F54C03119F64E6200AFA29F /* AddBetViewController.swift */ = {isa = PBXFileReference; fileEncoding = 4; lastKnownFileType = sourcecode.swift; path = AddBetViewController.swift; sourceTree = "<group>"; };
		9FACFB4819E60C02007E865C /* BetMo.app */ = {isa = PBXFileReference; explicitFileType = wrapper.application; includeInIndex = 0; path = BetMo.app; sourceTree = BUILT_PRODUCTS_DIR; };
		9FACFB4C19E60C02007E865C /* Info.plist */ = {isa = PBXFileReference; lastKnownFileType = text.plist.xml; path = Info.plist; sourceTree = "<group>"; };
		9FACFB4D19E60C02007E865C /* AppDelegate.swift */ = {isa = PBXFileReference; lastKnownFileType = sourcecode.swift; path = AppDelegate.swift; sourceTree = "<group>"; };
		9FACFB4F19E60C02007E865C /* LoginViewController.swift */ = {isa = PBXFileReference; lastKnownFileType = sourcecode.swift; path = LoginViewController.swift; sourceTree = "<group>"; };
		9FACFB5219E60C02007E865C /* Base */ = {isa = PBXFileReference; lastKnownFileType = file.storyboard; name = Base; path = Base.lproj/Main.storyboard; sourceTree = "<group>"; };
		9FACFB5419E60C02007E865C /* Images.xcassets */ = {isa = PBXFileReference; lastKnownFileType = folder.assetcatalog; path = Images.xcassets; sourceTree = "<group>"; };
		9FACFB5719E60C02007E865C /* Base */ = {isa = PBXFileReference; lastKnownFileType = file.xib; name = Base; path = Base.lproj/LaunchScreen.xib; sourceTree = "<group>"; };
		9FACFB6219E60C02007E865C /* Info.plist */ = {isa = PBXFileReference; lastKnownFileType = text.plist.xml; path = Info.plist; sourceTree = "<group>"; };
		9FACFB6319E60C02007E865C /* BetMoTests.swift */ = {isa = PBXFileReference; lastKnownFileType = sourcecode.swift; path = BetMoTests.swift; sourceTree = "<group>"; };
		9FACFB7019E60DE5007E865C /* BetMo-Bridging-Header.h */ = {isa = PBXFileReference; lastKnownFileType = sourcecode.c.h; path = "BetMo-Bridging-Header.h"; sourceTree = "<group>"; };
		9FACFB7319E60F18007E865C /* AudioToolbox.framework */ = {isa = PBXFileReference; lastKnownFileType = wrapper.framework; name = AudioToolbox.framework; path = System/Library/Frameworks/AudioToolbox.framework; sourceTree = SDKROOT; };
		9FACFB7419E60F18007E865C /* CFNetwork.framework */ = {isa = PBXFileReference; lastKnownFileType = wrapper.framework; name = CFNetwork.framework; path = System/Library/Frameworks/CFNetwork.framework; sourceTree = SDKROOT; };
		9FACFB7519E60F18007E865C /* CoreGraphics.framework */ = {isa = PBXFileReference; lastKnownFileType = wrapper.framework; name = CoreGraphics.framework; path = System/Library/Frameworks/CoreGraphics.framework; sourceTree = SDKROOT; };
		9FACFB7619E60F18007E865C /* CoreLocation.framework */ = {isa = PBXFileReference; lastKnownFileType = wrapper.framework; name = CoreLocation.framework; path = System/Library/Frameworks/CoreLocation.framework; sourceTree = SDKROOT; };
		9FACFB7719E60F18007E865C /* libz.dylib */ = {isa = PBXFileReference; lastKnownFileType = "compiled.mach-o.dylib"; name = libz.dylib; path = usr/lib/libz.dylib; sourceTree = SDKROOT; };
		9FACFB7819E60F18007E865C /* MobileCoreServices.framework */ = {isa = PBXFileReference; lastKnownFileType = wrapper.framework; name = MobileCoreServices.framework; path = System/Library/Frameworks/MobileCoreServices.framework; sourceTree = SDKROOT; };
		9FACFB7919E60F18007E865C /* QuartzCore.framework */ = {isa = PBXFileReference; lastKnownFileType = wrapper.framework; name = QuartzCore.framework; path = System/Library/Frameworks/QuartzCore.framework; sourceTree = SDKROOT; };
		9FACFB7A19E60F18007E865C /* Security.framework */ = {isa = PBXFileReference; lastKnownFileType = wrapper.framework; name = Security.framework; path = System/Library/Frameworks/Security.framework; sourceTree = SDKROOT; };
		9FACFB7B19E60F18007E865C /* StoreKit.framework */ = {isa = PBXFileReference; lastKnownFileType = wrapper.framework; name = StoreKit.framework; path = System/Library/Frameworks/StoreKit.framework; sourceTree = SDKROOT; };
		9FACFB7C19E60F18007E865C /* SystemConfiguration.framework */ = {isa = PBXFileReference; lastKnownFileType = wrapper.framework; name = SystemConfiguration.framework; path = System/Library/Frameworks/SystemConfiguration.framework; sourceTree = SDKROOT; };
		9FACFBA519E61CA1007E865C /* HomeViewController.swift */ = {isa = PBXFileReference; fileEncoding = 4; lastKnownFileType = sourcecode.swift; path = HomeViewController.swift; sourceTree = "<group>"; };
		9FB9427F19E7D73300D72264 /* FriendsListViewController.swift */ = {isa = PBXFileReference; fileEncoding = 4; lastKnownFileType = sourcecode.swift; path = FriendsListViewController.swift; sourceTree = "<group>"; };
		9FB9428119E8FF3100D72264 /* FriendTableViewCell.swift */ = {isa = PBXFileReference; fileEncoding = 4; lastKnownFileType = sourcecode.swift; path = FriendTableViewCell.swift; sourceTree = "<group>"; };
		9FD517D519E9FF970056EE54 /* BetDetailViewController.swift */ = {isa = PBXFileReference; fileEncoding = 4; lastKnownFileType = sourcecode.swift; path = BetDetailViewController.swift; sourceTree = "<group>"; };
		9FFCCD5619EE5A5000AC999F /* CustomCellNib.swift */ = {isa = PBXFileReference; fileEncoding = 4; lastKnownFileType = sourcecode.swift; path = CustomCellNib.swift; sourceTree = "<group>"; };
		9FFCCD5819EE5A7600AC999F /* CustomCellNib.xib */ = {isa = PBXFileReference; fileEncoding = 4; lastKnownFileType = file.xib; path = CustomCellNib.xib; sourceTree = "<group>"; };
		9FFCCD5A19EF47E400AC999F /* CellAnimator.swift */ = {isa = PBXFileReference; fileEncoding = 4; lastKnownFileType = sourcecode.swift; path = CellAnimator.swift; sourceTree = "<group>"; };
		A5C4FD64DC654F579867EC79 /* libPods.a */ = {isa = PBXFileReference; explicitFileType = archive.ar; includeInIndex = 0; path = libPods.a; sourceTree = BUILT_PRODUCTS_DIR; };
		EEDF2E993FFE90088ED7B540 /* Pods.release.xcconfig */ = {isa = PBXFileReference; includeInIndex = 1; lastKnownFileType = text.xcconfig; name = Pods.release.xcconfig; path = "Pods/Target Support Files/Pods/Pods.release.xcconfig"; sourceTree = "<group>"; };
		F5EF4C0E7EEA4517A67A1AF3 /* Pods.debug.xcconfig */ = {isa = PBXFileReference; includeInIndex = 1; lastKnownFileType = text.xcconfig; name = Pods.debug.xcconfig; path = "Pods/Target Support Files/Pods/Pods.debug.xcconfig"; sourceTree = "<group>"; };
/* End PBXFileReference section */

/* Begin PBXFrameworksBuildPhase section */
		9FACFB4519E60C02007E865C /* Frameworks */ = {
			isa = PBXFrameworksBuildPhase;
			buildActionMask = 2147483647;
			files = (
				9F25C15019FB616F000EEE68 /* Parse.framework in Frameworks */,
				9F25C15119FB6182000EEE68 /* ParseFacebookUtils.framework in Frameworks */,
				9FACFB7D19E60F18007E865C /* AudioToolbox.framework in Frameworks */,
				9FACFB7E19E60F18007E865C /* CFNetwork.framework in Frameworks */,
				9FACFB7F19E60F18007E865C /* CoreGraphics.framework in Frameworks */,
				9FACFB8019E60F18007E865C /* CoreLocation.framework in Frameworks */,
				9FACFB8119E60F18007E865C /* libz.dylib in Frameworks */,
				9FACFB8219E60F18007E865C /* MobileCoreServices.framework in Frameworks */,
				9FACFB8319E60F18007E865C /* QuartzCore.framework in Frameworks */,
				9FACFB8419E60F18007E865C /* Security.framework in Frameworks */,
				9FACFB8519E60F18007E865C /* StoreKit.framework in Frameworks */,
				9FACFB8619E60F18007E865C /* SystemConfiguration.framework in Frameworks */,
				710AAFE188C84D53A654527C /* libPods.a in Frameworks */,
			);
			runOnlyForDeploymentPostprocessing = 0;
		};
/* End PBXFrameworksBuildPhase section */

/* Begin PBXGroup section */
		4830B53F2D747FEB57E1DAC0 /* Pods */ = {
			isa = PBXGroup;
			children = (
				F5EF4C0E7EEA4517A67A1AF3 /* Pods.debug.xcconfig */,
				EEDF2E993FFE90088ED7B540 /* Pods.release.xcconfig */,
			);
			name = Pods;
			sourceTree = "<group>";
		};
		8516DF3119E9D88700D1E3AB /* API */ = {
			isa = PBXGroup;
			children = (
				8516DF3219E9D8A100D1E3AB /* BetMoClient.swift */,
				9F24867719F31EBA006C51C8 /* BetMoGetImage.swift */,
			);
			name = API;
			sourceTree = "<group>";
		};
		9F24867919F44AB7006C51C8 /* NibCustomViews */ = {
			isa = PBXGroup;
			children = (
				9FFCCD5819EE5A7600AC999F /* CustomCellNib.xib */,
				9FFCCD5619EE5A5000AC999F /* CustomCellNib.swift */,
				85BCEAEE19F4974E00A2866C /* ProfileHeaderView.xib */,
				85BCEAF019F4979C00A2866C /* ProfileHeaderView.swift */,
			);
			name = NibCustomViews;
			sourceTree = "<group>";
		};
		9FACFB3F19E60C02007E865C = {
			isa = PBXGroup;
			children = (
				9FACFB6D19E60C52007E865C /* Frameworks */,
				9FACFB4A19E60C02007E865C /* BetMo */,
				9FACFB6019E60C02007E865C /* BetMoTests */,
				9FACFB4919E60C02007E865C /* Products */,
				4830B53F2D747FEB57E1DAC0 /* Pods */,
			);
			sourceTree = "<group>";
		};
		9FACFB4919E60C02007E865C /* Products */ = {
			isa = PBXGroup;
			children = (
				9FACFB4819E60C02007E865C /* BetMo.app */,
			);
			name = Products;
			sourceTree = "<group>";
		};
		9FACFB4A19E60C02007E865C /* BetMo */ = {
			isa = PBXGroup;
			children = (
				9FFCCD5A19EF47E400AC999F /* CellAnimator.swift */,
				8516DF3119E9D88700D1E3AB /* API */,
				9FACFBA919E61DC4007E865C /* TableViewCells */,
				9FACFBA819E61DBC007E865C /* Models */,
				9FACFBA719E61DAC007E865C /* ViewControllers */,
				9F24867919F44AB7006C51C8 /* NibCustomViews */,
				9FACFB4D19E60C02007E865C /* AppDelegate.swift */,
				9FACFB5119E60C02007E865C /* Main.storyboard */,
				9FACFB5419E60C02007E865C /* Images.xcassets */,
				9FACFB5619E60C02007E865C /* LaunchScreen.xib */,
				9FACFB4B19E60C02007E865C /* Supporting Files */,
				9FACFB7019E60DE5007E865C /* BetMo-Bridging-Header.h */,
				9FFCCD5C19EF622D00AC999F /* Unused files */,
			);
			path = BetMo;
			sourceTree = "<group>";
		};
		9FACFB4B19E60C02007E865C /* Supporting Files */ = {
			isa = PBXGroup;
			children = (
				9FACFB4C19E60C02007E865C /* Info.plist */,
			);
			name = "Supporting Files";
			sourceTree = "<group>";
		};
		9FACFB6019E60C02007E865C /* BetMoTests */ = {
			isa = PBXGroup;
			children = (
				9FACFB6319E60C02007E865C /* BetMoTests.swift */,
				9FACFB6119E60C02007E865C /* Supporting Files */,
			);
			path = BetMoTests;
			sourceTree = "<group>";
		};
		9FACFB6119E60C02007E865C /* Supporting Files */ = {
			isa = PBXGroup;
			children = (
				9FACFB6219E60C02007E865C /* Info.plist */,
			);
			name = "Supporting Files";
			sourceTree = "<group>";
		};
		9FACFB6D19E60C52007E865C /* Frameworks */ = {
			isa = PBXGroup;
			children = (
				8516DF2F19E9D33500D1E3AB /* Parse.framework */,
				8516DF2D19E9D30300D1E3AB /* ParseFacebookUtils.framework */,
				9FACFB7319E60F18007E865C /* AudioToolbox.framework */,
				9FACFB7419E60F18007E865C /* CFNetwork.framework */,
				9FACFB7519E60F18007E865C /* CoreGraphics.framework */,
				9FACFB7619E60F18007E865C /* CoreLocation.framework */,
				9FACFB7719E60F18007E865C /* libz.dylib */,
				9FACFB7819E60F18007E865C /* MobileCoreServices.framework */,
				9FACFB7919E60F18007E865C /* QuartzCore.framework */,
				9FACFB7A19E60F18007E865C /* Security.framework */,
				9FACFB7B19E60F18007E865C /* StoreKit.framework */,
				9FACFB7C19E60F18007E865C /* SystemConfiguration.framework */,
				A5C4FD64DC654F579867EC79 /* libPods.a */,
			);
			name = Frameworks;
			sourceTree = "<group>";
		};
		9FACFBA719E61DAC007E865C /* ViewControllers */ = {
			isa = PBXGroup;
			children = (
				9FACFBA519E61CA1007E865C /* HomeViewController.swift */,
				9FACFB4F19E60C02007E865C /* LoginViewController.swift */,
				9F24867119F248E9006C51C8 /* BetsFeedViewController.swift */,
				9FB9427F19E7D73300D72264 /* FriendsListViewController.swift */,
				85FF8D2919EB4BC900396F53 /* PaymentViewController.swift */,
				9F54C03119F64E6200AFA29F /* AddBetViewController.swift */,
				85DA561119FC61DA0063E34B /* DiscoverViewController.swift */,
			);
			name = ViewControllers;
			sourceTree = "<group>";
		};
		9FACFBA819E61DBC007E865C /* Models */ = {
			isa = PBXGroup;
			children = (
				9F2FD28A19E688ED00400E46 /* User.swift */,
				9F2FD28C19E6984200400E46 /* Bet.swift */,
			);
			name = Models;
			sourceTree = "<group>";
		};
		9FACFBA919E61DC4007E865C /* TableViewCells */ = {
			isa = PBXGroup;
			children = (
				9FB9428119E8FF3100D72264 /* FriendTableViewCell.swift */,
				9F24867519F25039006C51C8 /* BetsFeedTableViewCell.swift */,
			);
			name = TableViewCells;
			sourceTree = "<group>";
		};
		9FFCCD5C19EF622D00AC999F /* Unused files */ = {
			isa = PBXGroup;
			children = (
				9F54C00119F5F13D00AFA29F /* ConfirmNewBetViewController.swift */,
				853F392419E901A500915A5B /* FeedViewController.swift */,
				853F392619E90BDE00915A5B /* BetCell.swift */,
				9FD517D519E9FF970056EE54 /* BetDetailViewController.swift */,
			);
			name = "Unused files";
			sourceTree = "<group>";
		};
/* End PBXGroup section */

/* Begin PBXNativeTarget section */
		9FACFB4719E60C02007E865C /* BetMo */ = {
			isa = PBXNativeTarget;
			buildConfigurationList = 9FACFB6719E60C02007E865C /* Build configuration list for PBXNativeTarget "BetMo" */;
			buildPhases = (
				D2FE713ECD264C7598238EE8 /* Check Pods Manifest.lock */,
				9FACFB4419E60C02007E865C /* Sources */,
				9FACFB4519E60C02007E865C /* Frameworks */,
				9FACFB4619E60C02007E865C /* Resources */,
				767BE9CCDF2C49D9B874DF08 /* Copy Pods Resources */,
			);
			buildRules = (
			);
			dependencies = (
			);
			name = BetMo;
			productName = BetMo;
			productReference = 9FACFB4819E60C02007E865C /* BetMo.app */;
			productType = "com.apple.product-type.application";
		};
/* End PBXNativeTarget section */

/* Begin PBXProject section */
		9FACFB4019E60C02007E865C /* Project object */ = {
			isa = PBXProject;
			attributes = {
				LastUpgradeCheck = 0600;
				ORGANIZATIONNAME = codepath;
				TargetAttributes = {
					9FACFB4719E60C02007E865C = {
						CreatedOnToolsVersion = 6.0.1;
						DevelopmentTeam = KUVH8VE7V6;
					};
				};
			};
			buildConfigurationList = 9FACFB4319E60C02007E865C /* Build configuration list for PBXProject "BetMo" */;
			compatibilityVersion = "Xcode 3.2";
			developmentRegion = English;
			hasScannedForEncodings = 0;
			knownRegions = (
				en,
				Base,
			);
			mainGroup = 9FACFB3F19E60C02007E865C;
			productRefGroup = 9FACFB4919E60C02007E865C /* Products */;
			projectDirPath = "";
			projectRoot = "";
			targets = (
				9FACFB4719E60C02007E865C /* BetMo */,
			);
		};
/* End PBXProject section */

/* Begin PBXResourcesBuildPhase section */
		9FACFB4619E60C02007E865C /* Resources */ = {
			isa = PBXResourcesBuildPhase;
			buildActionMask = 2147483647;
			files = (
				9FACFB5319E60C02007E865C /* Main.storyboard in Resources */,
				9FACFB5819E60C02007E865C /* LaunchScreen.xib in Resources */,
				9FFCCD5919EE5A7600AC999F /* CustomCellNib.xib in Resources */,
				85BCEAEF19F4974E00A2866C /* ProfileHeaderView.xib in Resources */,
				9FACFB5519E60C02007E865C /* Images.xcassets in Resources */,
			);
			runOnlyForDeploymentPostprocessing = 0;
		};
/* End PBXResourcesBuildPhase section */

/* Begin PBXShellScriptBuildPhase section */
		767BE9CCDF2C49D9B874DF08 /* Copy Pods Resources */ = {
			isa = PBXShellScriptBuildPhase;
			buildActionMask = 2147483647;
			files = (
			);
			inputPaths = (
			);
			name = "Copy Pods Resources";
			outputPaths = (
			);
			runOnlyForDeploymentPostprocessing = 0;
			shellPath = /bin/sh;
			shellScript = "\"${SRCROOT}/Pods/Target Support Files/Pods/Pods-resources.sh\"\n";
			showEnvVarsInLog = 0;
		};
		D2FE713ECD264C7598238EE8 /* Check Pods Manifest.lock */ = {
			isa = PBXShellScriptBuildPhase;
			buildActionMask = 2147483647;
			files = (
			);
			inputPaths = (
			);
			name = "Check Pods Manifest.lock";
			outputPaths = (
			);
			runOnlyForDeploymentPostprocessing = 0;
			shellPath = /bin/sh;
			shellScript = "diff \"${PODS_ROOT}/../Podfile.lock\" \"${PODS_ROOT}/Manifest.lock\" > /dev/null\nif [[ $? != 0 ]] ; then\n    cat << EOM\nerror: The sandbox is not in sync with the Podfile.lock. Run 'pod install' or update your CocoaPods installation.\nEOM\n    exit 1\nfi\n";
			showEnvVarsInLog = 0;
		};
/* End PBXShellScriptBuildPhase section */

/* Begin PBXSourcesBuildPhase section */
		9FACFB4419E60C02007E865C /* Sources */ = {
			isa = PBXSourcesBuildPhase;
			buildActionMask = 2147483647;
			files = (
				9F2FD28D19E6984200400E46 /* Bet.swift in Sources */,
				85FF8D2A19EB4BC900396F53 /* PaymentViewController.swift in Sources */,
				9F2FD28B19E688ED00400E46 /* User.swift in Sources */,
				9FACFB5019E60C02007E865C /* LoginViewController.swift in Sources */,
				85DA561219FC61DA0063E34B /* DiscoverViewController.swift in Sources */,
				853F392719E90BDE00915A5B /* BetCell.swift in Sources */,
				9FACFB4E19E60C02007E865C /* AppDelegate.swift in Sources */,
				9FB9428019E7D73300D72264 /* FriendsListViewController.swift in Sources */,
				9F24867819F31EBA006C51C8 /* BetMoGetImage.swift in Sources */,
				9F54C00219F5F13D00AFA29F /* ConfirmNewBetViewController.swift in Sources */,
				9F24867219F248E9006C51C8 /* BetsFeedViewController.swift in Sources */,
				85BCEAF119F4979C00A2866C /* ProfileHeaderView.swift in Sources */,
				9F54C03219F64E6200AFA29F /* AddBetViewController.swift in Sources */,
				9FACFBA619E61CA1007E865C /* HomeViewController.swift in Sources */,
				9FB9428219E8FF3100D72264 /* FriendTableViewCell.swift in Sources */,
				9FD517D619E9FF970056EE54 /* BetDetailViewController.swift in Sources */,
				9F24867619F25039006C51C8 /* BetsFeedTableViewCell.swift in Sources */,
				9FFCCD5B19EF47E400AC999F /* CellAnimator.swift in Sources */,
				8516DF3319E9D8A100D1E3AB /* BetMoClient.swift in Sources */,
				9FFCCD5719EE5A5000AC999F /* CustomCellNib.swift in Sources */,
				853F392519E901A500915A5B /* FeedViewController.swift in Sources */,
			);
			runOnlyForDeploymentPostprocessing = 0;
		};
/* End PBXSourcesBuildPhase section */

/* Begin PBXVariantGroup section */
		9FACFB5119E60C02007E865C /* Main.storyboard */ = {
			isa = PBXVariantGroup;
			children = (
				9FACFB5219E60C02007E865C /* Base */,
			);
			name = Main.storyboard;
			sourceTree = "<group>";
		};
		9FACFB5619E60C02007E865C /* LaunchScreen.xib */ = {
			isa = PBXVariantGroup;
			children = (
				9FACFB5719E60C02007E865C /* Base */,
			);
			name = LaunchScreen.xib;
			sourceTree = "<group>";
		};
/* End PBXVariantGroup section */

/* Begin XCBuildConfiguration section */
		9FACFB6519E60C02007E865C /* Debug */ = {
			isa = XCBuildConfiguration;
			buildSettings = {
				ALWAYS_SEARCH_USER_PATHS = NO;
				CLANG_CXX_LANGUAGE_STANDARD = "gnu++0x";
				CLANG_CXX_LIBRARY = "libc++";
				CLANG_ENABLE_MODULES = YES;
				CLANG_ENABLE_OBJC_ARC = YES;
				CLANG_WARN_BOOL_CONVERSION = YES;
				CLANG_WARN_CONSTANT_CONVERSION = YES;
				CLANG_WARN_DIRECT_OBJC_ISA_USAGE = YES_ERROR;
				CLANG_WARN_EMPTY_BODY = YES;
				CLANG_WARN_ENUM_CONVERSION = YES;
				CLANG_WARN_INT_CONVERSION = YES;
				CLANG_WARN_OBJC_ROOT_CLASS = YES_ERROR;
				CLANG_WARN_UNREACHABLE_CODE = YES;
				CLANG_WARN__DUPLICATE_METHOD_MATCH = YES;
				CODE_SIGN_IDENTITY = "iPhone Developer: Sahil Arora (DAPPG8TTKS)";
				"CODE_SIGN_IDENTITY[sdk=iphoneos*]" = "iPhone Developer: Sahil Arora (DAPPG8TTKS)";
				COPY_PHASE_STRIP = NO;
				ENABLE_STRICT_OBJC_MSGSEND = YES;
				GCC_C_LANGUAGE_STANDARD = gnu99;
				GCC_DYNAMIC_NO_PIC = NO;
				GCC_OPTIMIZATION_LEVEL = 0;
				GCC_PREPROCESSOR_DEFINITIONS = (
					"DEBUG=1",
					"$(inherited)",
				);
				GCC_SYMBOLS_PRIVATE_EXTERN = NO;
				GCC_WARN_64_TO_32_BIT_CONVERSION = YES;
				GCC_WARN_ABOUT_RETURN_TYPE = YES_ERROR;
				GCC_WARN_UNDECLARED_SELECTOR = YES;
				GCC_WARN_UNINITIALIZED_AUTOS = YES_AGGRESSIVE;
				GCC_WARN_UNUSED_FUNCTION = YES;
				GCC_WARN_UNUSED_VARIABLE = YES;
				IPHONEOS_DEPLOYMENT_TARGET = 8.0;
				MTL_ENABLE_DEBUG_INFO = YES;
				ONLY_ACTIVE_ARCH = YES;
				PROVISIONING_PROFILE = "b58775d6-aa83-4def-be20-0f028c32b682";
				SDKROOT = iphoneos;
				SWIFT_OPTIMIZATION_LEVEL = "-Onone";
			};
			name = Debug;
		};
		9FACFB6619E60C02007E865C /* Release */ = {
			isa = XCBuildConfiguration;
			buildSettings = {
				ALWAYS_SEARCH_USER_PATHS = NO;
				CLANG_CXX_LANGUAGE_STANDARD = "gnu++0x";
				CLANG_CXX_LIBRARY = "libc++";
				CLANG_ENABLE_MODULES = YES;
				CLANG_ENABLE_OBJC_ARC = YES;
				CLANG_WARN_BOOL_CONVERSION = YES;
				CLANG_WARN_CONSTANT_CONVERSION = YES;
				CLANG_WARN_DIRECT_OBJC_ISA_USAGE = YES_ERROR;
				CLANG_WARN_EMPTY_BODY = YES;
				CLANG_WARN_ENUM_CONVERSION = YES;
				CLANG_WARN_INT_CONVERSION = YES;
				CLANG_WARN_OBJC_ROOT_CLASS = YES_ERROR;
				CLANG_WARN_UNREACHABLE_CODE = YES;
				CLANG_WARN__DUPLICATE_METHOD_MATCH = YES;
				CODE_SIGN_IDENTITY = "iPhone Developer: Sahil Arora (DAPPG8TTKS)";
				"CODE_SIGN_IDENTITY[sdk=iphoneos*]" = "iPhone Developer: Sahil Arora (DAPPG8TTKS)";
				COPY_PHASE_STRIP = YES;
				ENABLE_NS_ASSERTIONS = NO;
				ENABLE_STRICT_OBJC_MSGSEND = YES;
				GCC_C_LANGUAGE_STANDARD = gnu99;
				GCC_WARN_64_TO_32_BIT_CONVERSION = YES;
				GCC_WARN_ABOUT_RETURN_TYPE = YES_ERROR;
				GCC_WARN_UNDECLARED_SELECTOR = YES;
				GCC_WARN_UNINITIALIZED_AUTOS = YES_AGGRESSIVE;
				GCC_WARN_UNUSED_FUNCTION = YES;
				GCC_WARN_UNUSED_VARIABLE = YES;
				IPHONEOS_DEPLOYMENT_TARGET = 8.0;
				MTL_ENABLE_DEBUG_INFO = NO;
				PROVISIONING_PROFILE = "b58775d6-aa83-4def-be20-0f028c32b682";
				SDKROOT = iphoneos;
				VALIDATE_PRODUCT = YES;
			};
			name = Release;
		};
		9FACFB6819E60C02007E865C /* Debug */ = {
			isa = XCBuildConfiguration;
			baseConfigurationReference = F5EF4C0E7EEA4517A67A1AF3 /* Pods.debug.xcconfig */;
			buildSettings = {
				ASSETCATALOG_COMPILER_APPICON_NAME = AppIcon;
				CLANG_ENABLE_MODULES = YES;
				CODE_SIGN_IDENTITY = "iPhone Developer: Sahil Arora (DAPPG8TTKS)";
				FRAMEWORK_SEARCH_PATHS = (
					"$(inherited)",
					"/Users/SahilArora/Documents/iOS/parse-library-1.4.1",
					/Users/SahilArora/Documents/iOS/FacebookSDK,
					"$(PROJECT_DIR)/Pods",
					"$(PROJECT_DIR)/Pods/ParseFacebookUtils",
					"$(PROJECT_DIR)/Pods/Parse",
				);
				INFOPLIST_FILE = BetMo/Info.plist;
				LD_RUNPATH_SEARCH_PATHS = "$(inherited) @executable_path/Frameworks";
				LIBRARY_SEARCH_PATHS = (
					"$(inherited)",
					"$(PROJECT_DIR)/Pods/build/Debug-iphoneos",
				);
				OTHER_LDFLAGS = (
					"$(inherited)",
					"-framework",
					CoreGraphics,
					"-framework",
					MobileCoreServices,
					"-framework",
					Security,
					"-framework",
					SystemConfiguration,
				);
				PRODUCT_NAME = "$(TARGET_NAME)";
				PROVISIONING_PROFILE = "b58775d6-aa83-4def-be20-0f028c32b682";
				SWIFT_OBJC_BRIDGING_HEADER = "BetMo/BetMo-Bridging-Header.h";
				SWIFT_OPTIMIZATION_LEVEL = "-Onone";
			};
			name = Debug;
		};
		9FACFB6919E60C02007E865C /* Release */ = {
			isa = XCBuildConfiguration;
			baseConfigurationReference = EEDF2E993FFE90088ED7B540 /* Pods.release.xcconfig */;
			buildSettings = {
				ASSETCATALOG_COMPILER_APPICON_NAME = AppIcon;
				CLANG_ENABLE_MODULES = YES;
				CODE_SIGN_IDENTITY = "iPhone Developer: Sahil Arora (DAPPG8TTKS)";
				"CODE_SIGN_IDENTITY[sdk=iphoneos*]" = "iPhone Developer: Sahil Arora (DAPPG8TTKS)";
				FRAMEWORK_SEARCH_PATHS = (
					"$(inherited)",
					"/Users/SahilArora/Documents/iOS/parse-library-1.4.1",
					/Users/SahilArora/Documents/iOS/FacebookSDK,
					"$(PROJECT_DIR)/Pods",
					"$(PROJECT_DIR)/Pods/ParseFacebookUtils",
					"$(PROJECT_DIR)/Pods/Parse",
				);
				INFOPLIST_FILE = BetMo/Info.plist;
				LD_RUNPATH_SEARCH_PATHS = "$(inherited) @executable_path/Frameworks";
				LIBRARY_SEARCH_PATHS = (
					"$(inherited)",
					"$(PROJECT_DIR)/Pods/build/Debug-iphoneos",
				);
				OTHER_LDFLAGS = (
					"$(inherited)",
					"-framework",
					CoreGraphics,
					"-framework",
					MobileCoreServices,
					"-framework",
					Security,
					"-framework",
					SystemConfiguration,
				);
				PRODUCT_NAME = "$(TARGET_NAME)";
				PROVISIONING_PROFILE = "b58775d6-aa83-4def-be20-0f028c32b682";
				SWIFT_OBJC_BRIDGING_HEADER = "BetMo/BetMo-Bridging-Header.h";
			};
			name = Release;
		};
/* End XCBuildConfiguration section */

/* Begin XCConfigurationList section */
		9FACFB4319E60C02007E865C /* Build configuration list for PBXProject "BetMo" */ = {
			isa = XCConfigurationList;
			buildConfigurations = (
				9FACFB6519E60C02007E865C /* Debug */,
				9FACFB6619E60C02007E865C /* Release */,
			);
			defaultConfigurationIsVisible = 0;
			defaultConfigurationName = Release;
		};
		9FACFB6719E60C02007E865C /* Build configuration list for PBXNativeTarget "BetMo" */ = {
			isa = XCConfigurationList;
			buildConfigurations = (
				9FACFB6819E60C02007E865C /* Debug */,
				9FACFB6919E60C02007E865C /* Release */,
			);
			defaultConfigurationIsVisible = 0;
			defaultConfigurationName = Release;
		};
/* End XCConfigurationList section */
	};
	rootObject = 9FACFB4019E60C02007E865C /* Project object */;
}
